
Microsoft Visual Studio Solution File, Format Version 12.00
# Visual Studio Version 17
VisualStudioVersion = 17.10.35004.147
MinimumVisualStudioVersion = 10.0.40219.1
Project("{9A19103F-16F7-4668-BE54-9A1E7A4F7556}") = "AssessementProjectForAddingUser", "AssessementProjectForAddingUser\AssessementProjectForAddingUser.csproj", "{09F7A2E7-BEB0-43CD-9F35-64A8CEE8B418}"
EndProject
Project("{9A19103F-16F7-4668-BE54-9A1E7A4F7556}") = "AssessementProjectForAddingUser.Infrastructure", "AssessementProjectForAddingUser.Infrastructure\AssessementProjectForAddingUser.Infrastructure.csproj", "{9224DFB8-8511-4EAB-B190-898D493A5112}"
EndProject
Project("{9A19103F-16F7-4668-BE54-9A1E7A4F7556}") = "AssessementProjectForAddingUser.Domain", "AssessementProjectForAddingUser.Domain\AssessementProjectForAddingUser.Domain.csproj", "{B03E70E5-0E28-4629-8FEF-D2EA5712BA98}"
EndProject
Project("{9A19103F-16F7-4668-BE54-9A1E7A4F7556}") = "AssessementProjectForAddingUser.Application", "AssessementProjectForAddingUser.Application\AssessementProjectForAddingUser.Application.csproj", "{731ABB5A-3002-4318-9D04-D3864386BFD4}"
EndProject
Global
	GlobalSection(SolutionConfigurationPlatforms) = preSolution
		Debug|Any CPU = Debug|Any CPU
		Release|Any CPU = Release|Any CPU
	EndGlobalSection
	GlobalSection(ProjectConfigurationPlatforms) = postSolution
		{09F7A2E7-BEB0-43CD-9F35-64A8CEE8B418}.Debug|Any CPU.ActiveCfg = Debug|Any CPU
		{09F7A2E7-BEB0-43CD-9F35-64A8CEE8B418}.Debug|Any CPU.Build.0 = Debug|Any CPU
		{09F7A2E7-BEB0-43CD-9F35-64A8CEE8B418}.Release|Any CPU.ActiveCfg = Release|Any CPU
		{09F7A2E7-BEB0-43CD-9F35-64A8CEE8B418}.Release|Any CPU.Build.0 = Release|Any CPU
		{9224DFB8-8511-4EAB-B190-898D493A5112}.Debug|Any CPU.ActiveCfg = Debug|Any CPU
		{9224DFB8-8511-4EAB-B190-898D493A5112}.Debug|Any CPU.Build.0 = Debug|Any CPU
		{9224DFB8-8511-4EAB-B190-898D493A5112}.Release|Any CPU.ActiveCfg = Release|Any CPU
		{9224DFB8-8511-4EAB-B190-898D493A5112}.Release|Any CPU.Build.0 = Release|Any CPU
		{B03E70E5-0E28-4629-8FEF-D2EA5712BA98}.Debug|Any CPU.ActiveCfg = Debug|Any CPU
		{B03E70E5-0E28-4629-8FEF-D2EA5712BA98}.Debug|Any CPU.Build.0 = Debug|Any CPU
		{B03E70E5-0E28-4629-8FEF-D2EA5712BA98}.Release|Any CPU.ActiveCfg = Release|Any CPU
		{B03E70E5-0E28-4629-8FEF-D2EA5712BA98}.Release|Any CPU.Build.0 = Release|Any CPU
		{731ABB5A-3002-4318-9D04-D3864386BFD4}.Debug|Any CPU.ActiveCfg = Debug|Any CPU
		{731ABB5A-3002-4318-9D04-D3864386BFD4}.Debug|Any CPU.Build.0 = Debug|Any CPU
		{731ABB5A-3002-4318-9D04-D3864386BFD4}.Release|Any CPU.ActiveCfg = Release|Any CPU
		{731ABB5A-3002-4318-9D04-D3864386BFD4}.Release|Any CPU.Build.0 = Release|Any CPU
	EndGlobalSection
	GlobalSection(SolutionProperties) = preSolution
		HideSolutionNode = FALSE
	EndGlobalSection
	GlobalSection(ExtensibilityGlobals) = postSolution
		SolutionGuid = {698AAABF-2FF5-43D0-9FD5-C99FBBA77620}
	EndGlobalSection
EndGlobal
